
Microsoft Visual Studio Solution File, Format Version 12.00
# Visual Studio Version 17
VisualStudioVersion = 17.9.34723.18
MinimumVisualStudioVersion = 10.0.40219.1
Project("{9A19103F-16F7-4668-BE54-9A1E7A4F7556}") = "Editor.API", "Editor.API.csproj", "{0A0181FC-4004-4884-B0F1-3A3E2528D97A}"
EndProject
Project("{9A19103F-16F7-4668-BE54-9A1E7A4F7556}") = "Editor.Client", "..\Editor.Client\Editor.Client.csproj", "{AA8AA122-92E6-43BA-B5D9-70F8AC797DCD}"
EndProject
Global
	GlobalSection(SolutionConfigurationPlatforms) = preSolution
		Debug|Any CPU = Debug|Any CPU
		Release|Any CPU = Release|Any CPU
	EndGlobalSection
	GlobalSection(ProjectConfigurationPlatforms) = postSolution
		{0A0181FC-4004-4884-B0F1-3A3E2528D97A}.Debug|Any CPU.ActiveCfg = Debug|Any CPU
		{0A0181FC-4004-4884-B0F1-3A3E2528D97A}.Debug|Any CPU.Build.0 = Debug|Any CPU
		{0A0181FC-4004-4884-B0F1-3A3E2528D97A}.Release|Any CPU.ActiveCfg = Release|Any CPU
		{0A0181FC-4004-4884-B0F1-3A3E2528D97A}.Release|Any CPU.Build.0 = Release|Any CPU
		{AA8AA122-92E6-43BA-B5D9-70F8AC797DCD}.Debug|Any CPU.ActiveCfg = Debug|Any CPU
		{AA8AA122-92E6-43BA-B5D9-70F8AC797DCD}.Debug|Any CPU.Build.0 = Debug|Any CPU
		{AA8AA122-92E6-43BA-B5D9-70F8AC797DCD}.Release|Any CPU.ActiveCfg = Release|Any CPU
		{AA8AA122-92E6-43BA-B5D9-70F8AC797DCD}.Release|Any CPU.Build.0 = Release|Any CPU
	EndGlobalSection
	GlobalSection(SolutionProperties) = preSolution
		HideSolutionNode = FALSE
	EndGlobalSection
	GlobalSection(ExtensibilityGlobals) = postSolution
		SolutionGuid = {4C9F4605-2829-4D9F-B01E-29671208F055}
	EndGlobalSection
EndGlobal
